
Microsoft Visual Studio Solution File, Format Version 12.00
# Visual Studio Version 17
VisualStudioVersion = 17.11.35222.181
MinimumVisualStudioVersion = 10.0.40219.1
Project("{FAE04EC0-301F-11D3-BF4B-00C04F79EFBC}") = "CommitTester", "CommitTester\CommitTester.csproj", "{A020899E-3AF9-4A35-ABE3-5B277FF53754}"
EndProject
Global
	GlobalSection(SolutionConfigurationPlatforms) = preSolution
		Debug|Any CPU = Debug|Any CPU
		Release|Any CPU = Release|Any CPU
	EndGlobalSection
	GlobalSection(ProjectConfigurationPlatforms) = postSolution
		{A020899E-3AF9-4A35-ABE3-5B277FF53754}.Debug|Any CPU.ActiveCfg = Debug|Any CPU
		{A020899E-3AF9-4A35-ABE3-5B277FF53754}.Debug|Any CPU.Build.0 = Debug|Any CPU
		{A020899E-3AF9-4A35-ABE3-5B277FF53754}.Release|Any CPU.ActiveCfg = Release|Any CPU
		{A020899E-3AF9-4A35-ABE3-5B277FF53754}.Release|Any CPU.Build.0 = Release|Any CPU
	EndGlobalSection
	GlobalSection(SolutionProperties) = preSolution
		HideSolutionNode = FALSE
	EndGlobalSection
	GlobalSection(ExtensibilityGlobals) = postSolution
		SolutionGuid = {F614E93A-C731-4C79-8646-E582509BEF1C}
	EndGlobalSection
EndGlobal
